<?xml version="1.0" encoding="utf-8"?>
<Project ToolsVersion="4.0" xmlns="http://schemas.microsoft.com/developer/msbuild/2003">
  <ItemGroup>
    <Filter Include="源文件">
      <UniqueIdentifier>{4FC737F1-C7A5-4376-A066-2A32D752A2FF}</UniqueIdentifier>
      <Extensions>cpp;c;cc;cxx;def;odl;idl;hpj;bat;asm;asmx</Extensions>
    </Filter>
    <Filter Include="头文件">
      <UniqueIdentifier>{93995380-89BD-4b04-88EB-625FBE52EBFB}</UniqueIdentifier>
      <Extensions>h;hpp;hxx;hm;inl;inc;xsd</Extensions>
    </Filter>
    <Filter Include="资源文件">
      <UniqueIdentifier>{67DA6AB6-F800-4c08-8B7A-83BB121AAD01}</UniqueIdentifier>
      <Extensions>rc;ico;cur;bmp;dlg;rc2;rct;bin;rgs;gif;jpg;jpeg;jpe;resx;tiff;tif;png;wav;mfcribbon-ms</Extensions>
    </Filter>
    <Filter Include="源文件\ui">
      <UniqueIdentifier>{45c14884-9f50-4954-83ac-662335722c8c}</UniqueIdentifier>
    </Filter>
    <Filter Include="头文件\ui">
      <UniqueIdentifier>{032a12f3-a33a-4cd0-9074-35fd11f84484}</UniqueIdentifier>
    </Filter>
    <Filter Include="源文件\passwd">
      <UniqueIdentifier>{35e3b8ac-f04b-406c-a46c-527a728552ea}</UniqueIdentifier>
    </Filter>
    <Filter Include="头文件\passwd">
      <UniqueIdentifier>{c6990686-55c5-4c77-b59d-1c60bf7ded97}</UniqueIdentifier>
    </Filter>
  </ItemGroup>
  <ItemGroup>
    <Text Include="ReadMe.txt" />
  </ItemGroup>
  <ItemGroup>
    <ClInclude Include="Passbook.h">
      <Filter>头文件</Filter>
    </ClInclude>
    <ClInclude Include="stdafx.h">
      <Filter>头文件</Filter>
    </ClInclude>
    <ClInclude Include="targetver.h">
      <Filter>头文件</Filter>
    </ClInclude>
    <ClInclude Include="Resource.h">
      <Filter>头文件</Filter>
    </ClInclude>
    <ClInclude Include="log.h">
      <Filter>头文件</Filter>
    </ClInclude>
    <ClInclude Include="FileEdit.h">
      <Filter>头文件</Filter>
    </ClInclude>
    <ClInclude Include="PassbookDlg.h">
      <Filter>头文件\ui</Filter>
    </ClInclude>
    <ClInclude Include="PassbookMainDlg.h">
      <Filter>头文件\ui</Filter>
    </ClInclude>
    <ClInclude Include="PasswordVerify.h">
      <Filter>头文件\passwd</Filter>
    </ClInclude>
    <ClInclude Include="PasswordDefine.h">
      <Filter>头文件\passwd</Filter>
    </ClInclude>
    <ClInclude Include="PasswordHandler.h">
      <Filter>头文件\passwd</Filter>
    </ClInclude>
    <ClInclude Include="PasswordSdk.h">
      <Filter>头文件\passwd</Filter>
    </ClInclude>
    <ClInclude Include="Adler32.h">
      <Filter>头文件\passwd</Filter>
    </ClInclude>
    <ClInclude Include="PassbookAgreement.h">
      <Filter>头文件\passwd</Filter>
    </ClInclude>
  </ItemGroup>
  <ItemGroup>
    <ClCompile Include="Passbook.cpp">
      <Filter>源文件</Filter>
    </ClCompile>
    <ClCompile Include="stdafx.cpp">
      <Filter>源文件</Filter>
    </ClCompile>
    <ClCompile Include="FileEdit.cpp">
      <Filter>源文件</Filter>
    </ClCompile>
    <ClCompile Include="PassbookMainDlg.cpp">
      <Filter>源文件\ui</Filter>
    </ClCompile>
    <ClCompile Include="PassbookDlg.cpp">
      <Filter>源文件\ui</Filter>
    </ClCompile>
    <ClCompile Include="PasswordVerify.cpp">
      <Filter>源文件\passwd</Filter>
    </ClCompile>
    <ClCompile Include="PassbookAgreement.cpp">
      <Filter>源文件\passwd</Filter>
    </ClCompile>
    <ClCompile Include="PasswordHandler.cpp">
      <Filter>源文件\passwd</Filter>
    </ClCompile>
    <ClCompile Include="PasswordSdk.cpp">
      <Filter>源文件\passwd</Filter>
    </ClCompile>
    <ClCompile Include="Adler32.cpp">
      <Filter>源文件\passwd</Filter>
    </ClCompile>
  </ItemGroup>
  <ItemGroup>
    <ResourceCompile Include="Passbook.rc">
      <Filter>资源文件</Filter>
    </ResourceCompile>
  </ItemGroup>
  <ItemGroup>
    <None Include="res\Passbook.rc2">
      <Filter>资源文件</Filter>
    </None>
  </ItemGroup>
  <ItemGroup>
    <Image Include="res\Passbook.ico">
      <Filter>资源文件</Filter>
    </Image>
  </ItemGroup>
</Project>